
Microsoft Visual Studio Solution File, Format Version 12.00
# Visual Studio Version 17
VisualStudioVersion = 17.5.002.0
MinimumVisualStudioVersion = 10.0.40219.1
Project("{9A19103F-16F7-4668-BE54-9A1E7A4F7556}") = "Final", "Final\Final.csproj", "{A7BCDCAB-7332-4CA9-8125-E5D1CC4C9CEA}"
EndProject
Project("{9A19103F-16F7-4668-BE54-9A1E7A4F7556}") = "Starter", "Starter\Starter.csproj", "{FA86EBB1-B2D4-4768-B00E-24C08F2A2CFC}"
EndProject
Global
	GlobalSection(SolutionConfigurationPlatforms) = preSolution
		Debug|Any CPU = Debug|Any CPU
		Release|Any CPU = Release|Any CPU
	EndGlobalSection
	GlobalSection(ProjectConfigurationPlatforms) = postSolution
		{A7BCDCAB-7332-4CA9-8125-E5D1CC4C9CEA}.Debug|Any CPU.ActiveCfg = Debug|Any CPU
		{A7BCDCAB-7332-4CA9-8125-E5D1CC4C9CEA}.Debug|Any CPU.Build.0 = Debug|Any CPU
		{A7BCDCAB-7332-4CA9-8125-E5D1CC4C9CEA}.Release|Any CPU.ActiveCfg = Release|Any CPU
		{A7BCDCAB-7332-4CA9-8125-E5D1CC4C9CEA}.Release|Any CPU.Build.0 = Release|Any CPU
		{FA86EBB1-B2D4-4768-B00E-24C08F2A2CFC}.Debug|Any CPU.ActiveCfg = Debug|Any CPU
		{FA86EBB1-B2D4-4768-B00E-24C08F2A2CFC}.Debug|Any CPU.Build.0 = Debug|Any CPU
		{FA86EBB1-B2D4-4768-B00E-24C08F2A2CFC}.Release|Any CPU.ActiveCfg = Release|Any CPU
		{FA86EBB1-B2D4-4768-B00E-24C08F2A2CFC}.Release|Any CPU.Build.0 = Release|Any CPU
	EndGlobalSection
	GlobalSection(SolutionProperties) = preSolution
		HideSolutionNode = FALSE
	EndGlobalSection
	GlobalSection(ExtensibilityGlobals) = postSolution
		SolutionGuid = {21BC4BCD-D7A0-481A-BBF2-FC04CD61B984}
	EndGlobalSection
EndGlobal
